
Microsoft Visual Studio Solution File, Format Version 12.00
# Visual Studio Version 16
VisualStudioVersion = 16.0.29319.158
MinimumVisualStudioVersion = 10.0.40219.1
Project("{9A19103F-16F7-4668-BE54-9A1E7A4F7556}") = "webviewissue", "webviewissue.csproj", "{3B3D409B-0BA3-487C-9920-D377EE3035FD}"
EndProject
Global
	GlobalSection(SolutionConfigurationPlatforms) = preSolution
		Debug|Any CPU = Debug|Any CPU
		Release|Any CPU = Release|Any CPU
	EndGlobalSection
	GlobalSection(ProjectConfigurationPlatforms) = postSolution
		{3B3D409B-0BA3-487C-9920-D377EE3035FD}.Debug|Any CPU.ActiveCfg = Debug|Any CPU
		{3B3D409B-0BA3-487C-9920-D377EE3035FD}.Debug|Any CPU.Build.0 = Debug|Any CPU
		{3B3D409B-0BA3-487C-9920-D377EE3035FD}.Release|Any CPU.ActiveCfg = Release|Any CPU
		{3B3D409B-0BA3-487C-9920-D377EE3035FD}.Release|Any CPU.Build.0 = Release|Any CPU
	EndGlobalSection
	GlobalSection(SolutionProperties) = preSolution
		HideSolutionNode = FALSE
	EndGlobalSection
	GlobalSection(ExtensibilityGlobals) = postSolution
		SolutionGuid = {8EF74315-6AEB-47E1-9E51-C27E4A56BC83}
	EndGlobalSection
EndGlobal
